
Microsoft Visual Studio Solution File, Format Version 12.00
# Visual Studio Version 17
VisualStudioVersion = 17.14.36310.24
MinimumVisualStudioVersion = 10.0.40219.1
Project("{FAE04EC0-301F-11D3-BF4B-00C04F79EFBC}") = "Grafica_Lab2", "Grafica_Lab2.csproj", "{FFCC5F7C-3731-461E-97BE-E1375E690DCA}"
EndProject
Project("{FAE04EC0-301F-11D3-BF4B-00C04F79EFBC}") = "Prob_Slide26", "..\Prob_Slide26\Prob_Slide26.csproj", "{5DF74EA0-F4DB-4822-9250-AEEC89C00119}"
EndProject
Project("{FAE04EC0-301F-11D3-BF4B-00C04F79EFBC}") = "Prob_Slide28", "..\Prob_Slide28\Prob_Slide28.csproj", "{BCBF7EBC-6FB1-4C5A-979E-30E2BA3F5A38}"
EndProject
Global
	GlobalSection(SolutionConfigurationPlatforms) = preSolution
		Debug|Any CPU = Debug|Any CPU
		Release|Any CPU = Release|Any CPU
	EndGlobalSection
	GlobalSection(ProjectConfigurationPlatforms) = postSolution
		{FFCC5F7C-3731-461E-97BE-E1375E690DCA}.Debug|Any CPU.ActiveCfg = Debug|Any CPU
		{FFCC5F7C-3731-461E-97BE-E1375E690DCA}.Debug|Any CPU.Build.0 = Debug|Any CPU
		{FFCC5F7C-3731-461E-97BE-E1375E690DCA}.Release|Any CPU.ActiveCfg = Release|Any CPU
		{FFCC5F7C-3731-461E-97BE-E1375E690DCA}.Release|Any CPU.Build.0 = Release|Any CPU
		{5DF74EA0-F4DB-4822-9250-AEEC89C00119}.Debug|Any CPU.ActiveCfg = Debug|Any CPU
		{5DF74EA0-F4DB-4822-9250-AEEC89C00119}.Debug|Any CPU.Build.0 = Debug|Any CPU
		{5DF74EA0-F4DB-4822-9250-AEEC89C00119}.Release|Any CPU.ActiveCfg = Release|Any CPU
		{5DF74EA0-F4DB-4822-9250-AEEC89C00119}.Release|Any CPU.Build.0 = Release|Any CPU
		{BCBF7EBC-6FB1-4C5A-979E-30E2BA3F5A38}.Debug|Any CPU.ActiveCfg = Debug|Any CPU
		{BCBF7EBC-6FB1-4C5A-979E-30E2BA3F5A38}.Debug|Any CPU.Build.0 = Debug|Any CPU
		{BCBF7EBC-6FB1-4C5A-979E-30E2BA3F5A38}.Release|Any CPU.ActiveCfg = Release|Any CPU
		{BCBF7EBC-6FB1-4C5A-979E-30E2BA3F5A38}.Release|Any CPU.Build.0 = Release|Any CPU
	EndGlobalSection
	GlobalSection(SolutionProperties) = preSolution
		HideSolutionNode = FALSE
	EndGlobalSection
	GlobalSection(ExtensibilityGlobals) = postSolution
		SolutionGuid = {348CA94E-68DC-4599-9320-E133F65665EE}
	EndGlobalSection
EndGlobal
